
Microsoft Visual Studio Solution File, Format Version 12.00
# Visual Studio 15
VisualStudioVersion = 15.0.26430.16
MinimumVisualStudioVersion = 10.0.40219.1
Project("{FAE04EC0-301F-11D3-BF4B-00C04F79EFBC}") = "ApiChange", "ApiChange\ApiChange.csproj", "{DDF2A1D3-CA20-44B4-99B4-8A87AE4ECC7D}"
EndProject
Project("{FAE04EC0-301F-11D3-BF4B-00C04F79EFBC}") = "ApiChange.Api", "ApiChange.Api\ApiChange.Api.csproj", "{BFBCCA96-BE1E-4DD7-B3CF-5DFAB38B8AB1}"
EndProject
Project("{FAE04EC0-301F-11D3-BF4B-00C04F79EFBC}") = "ApiChange.Api.Extensions", "ApiChange.Api.Extensions\ApiChange.Api.Extensions.csproj", "{A93D44D0-3B30-443C-B1B6-54DE998C9A75}"
EndProject
Project("{FAE04EC0-301F-11D3-BF4B-00C04F79EFBC}") = "ApiChange.BuildTask", "ApiChange.BuildTask\ApiChange.BuildTask.csproj", "{26AFD080-25AF-4B6C-AC22-5F2FFE9890C4}"
EndProject
Project("{FAE04EC0-301F-11D3-BF4B-00C04F79EFBC}") = "ApiChange.Test", "ApiChange.Test\ApiChange.Test.csproj", "{5C93807B-EE67-42B9-B680-49FDA569D3B9}"
	ProjectSection(ProjectDependencies) = postProject
		{E4C3C82A-E73C-420D-8859-ACD4F9832EA0} = {E4C3C82A-E73C-420D-8859-ACD4F9832EA0}
		{39F3A93A-54C1-48DD-A98D-119A20FD6DE1} = {39F3A93A-54C1-48DD-A98D-119A20FD6DE1}
		{C5933647-CA8F-4BFC-8971-8D27AE9DB199} = {C5933647-CA8F-4BFC-8971-8D27AE9DB199}
		{ED906F57-6466-49D2-B411-B21E7D2F3D1F} = {ED906F57-6466-49D2-B411-B21E7D2F3D1F}
		{6D09AE61-FB81-4AC8-AB6A-F999B65BD535} = {6D09AE61-FB81-4AC8-AB6A-F999B65BD535}
		{0D379865-9BB1-4166-A058-B93E531EEF6A} = {0D379865-9BB1-4166-A058-B93E531EEF6A}
		{9640646C-075D-4E01-A475-18FCA5358FAC} = {9640646C-075D-4E01-A475-18FCA5358FAC}
		{4045B974-848D-4805-A3CA-6B9B38E52F55} = {4045B974-848D-4805-A3CA-6B9B38E52F55}
		{316890EC-98E7-4E9D-B767-CB7816514113} = {316890EC-98E7-4E9D-B767-CB7816514113}
	EndProjectSection
EndProject
Project("{FAE04EC0-301F-11D3-BF4B-00C04F79EFBC}") = "ApiChange.Test.Reference", "ApiChange.Test.Reference\ApiChange.Test.Reference.csproj", "{2387F9A5-07CB-4455-99D9-FBF7E6179468}"
EndProject
Project("{FAE04EC0-301F-11D3-BF4B-00C04F79EFBC}") = "ApiChange.Test.Reference.RemoveEnumValue", "ApiChange.Test.Reference.RemoveEnumValue\ApiChange.Test.Reference.RemoveEnumValue.csproj", "{90C16334-606E-48CE-8724-64148AF80339}"
EndProject
Project("{FAE04EC0-301F-11D3-BF4B-00C04F79EFBC}") = "ApiChange.Test_0_1_0_0", "ApiChange.Test_0_1_0_0\ApiChange.Test_0_1_0_0.csproj", "{4045B974-848D-4805-A3CA-6B9B38E52F55}"
EndProject
Project("{FAE04EC0-301F-11D3-BF4B-00C04F79EFBC}") = "ApiChange.Test_0_1_1_0", "ApiChange.Test_0_1_1_0\ApiChange.Test_0_1_1_0.csproj", "{39F3A93A-54C1-48DD-A98D-119A20FD6DE1}"
EndProject
Project("{FAE04EC0-301F-11D3-BF4B-00C04F79EFBC}") = "ApiChange.Test_0_2_0_0", "ApiChange.Test_0_2_0_0\ApiChange.Test_0_2_0_0.csproj", "{C5933647-CA8F-4BFC-8971-8D27AE9DB199}"
EndProject
Project("{FAE04EC0-301F-11D3-BF4B-00C04F79EFBC}") = "ApiChange.Test_0_2_1_0", "ApiChange.Test_0_2_1_0\ApiChange.Test_0_2_1_0.csproj", "{316890EC-98E7-4E9D-B767-CB7816514113}"
EndProject
Project("{FAE04EC0-301F-11D3-BF4B-00C04F79EFBC}") = "ApiChange.Test_1_0_0_0", "ApiChange.Test_1_0_0_0\ApiChange.Test_1_0_0_0.csproj", "{E4C3C82A-E73C-420D-8859-ACD4F9832EA0}"
EndProject
Project("{FAE04EC0-301F-11D3-BF4B-00C04F79EFBC}") = "ApiChange.Test_1_1_0_0", "ApiChange.Test_1_1_0_0\ApiChange.Test_1_1_0_0.csproj", "{9640646C-075D-4E01-A475-18FCA5358FAC}"
EndProject
Project("{FAE04EC0-301F-11D3-BF4B-00C04F79EFBC}") = "ApiChange.Test_1_2_0_0", "ApiChange.Test_1_2_0_0\ApiChange.Test_1_2_0_0.csproj", "{ED906F57-6466-49D2-B411-B21E7D2F3D1F}"
EndProject
Project("{FAE04EC0-301F-11D3-BF4B-00C04F79EFBC}") = "ApiChange.Test_2_0_0_0", "ApiChange.Test_2_0_0_0\ApiChange.Test_2_0_0_0.csproj", "{6D09AE61-FB81-4AC8-AB6A-F999B65BD535}"
EndProject
Project("{FAE04EC0-301F-11D3-BF4B-00C04F79EFBC}") = "ApiChange.Test_2_1_0_0", "ApiChange.Test_2_1_0_0\ApiChange.Test_2_1_0_0.csproj", "{0D379865-9BB1-4166-A058-B93E531EEF6A}"
EndProject
Project("{FAE04EC0-301F-11D3-BF4B-00C04F79EFBC}") = "ApiChange.Tests", "ApiChange.Tests\ApiChange.Tests.csproj", "{7DC2859F-0A3E-4939-96B3-E672B093C5E8}"
	ProjectSection(ProjectDependencies) = postProject
		{E4C3C82A-E73C-420D-8859-ACD4F9832EA0} = {E4C3C82A-E73C-420D-8859-ACD4F9832EA0}
		{90C16334-606E-48CE-8724-64148AF80339} = {90C16334-606E-48CE-8724-64148AF80339}
		{39F3A93A-54C1-48DD-A98D-119A20FD6DE1} = {39F3A93A-54C1-48DD-A98D-119A20FD6DE1}
		{C5933647-CA8F-4BFC-8971-8D27AE9DB199} = {C5933647-CA8F-4BFC-8971-8D27AE9DB199}
		{ED906F57-6466-49D2-B411-B21E7D2F3D1F} = {ED906F57-6466-49D2-B411-B21E7D2F3D1F}
		{6D09AE61-FB81-4AC8-AB6A-F999B65BD535} = {6D09AE61-FB81-4AC8-AB6A-F999B65BD535}
		{0D379865-9BB1-4166-A058-B93E531EEF6A} = {0D379865-9BB1-4166-A058-B93E531EEF6A}
		{9640646C-075D-4E01-A475-18FCA5358FAC} = {9640646C-075D-4E01-A475-18FCA5358FAC}
		{23A4956F-99E2-4BBB-B34B-730159A9F0AA} = {23A4956F-99E2-4BBB-B34B-730159A9F0AA}
		{4045B974-848D-4805-A3CA-6B9B38E52F55} = {4045B974-848D-4805-A3CA-6B9B38E52F55}
		{2387F9A5-07CB-4455-99D9-FBF7E6179468} = {2387F9A5-07CB-4455-99D9-FBF7E6179468}
		{316890EC-98E7-4E9D-B767-CB7816514113} = {316890EC-98E7-4E9D-B767-CB7816514113}
	EndProjectSection
EndProject
Project("{FAE04EC0-301F-11D3-BF4B-00C04F79EFBC}") = "ApiChangeConsole", "ApiChangeConsole\ApiChangeConsole.csproj", "{A8475B23-C9BA-42BA-B60F-1EF28FAD6C46}"
	ProjectSection(ProjectDependencies) = postProject
		{E4C3C82A-E73C-420D-8859-ACD4F9832EA0} = {E4C3C82A-E73C-420D-8859-ACD4F9832EA0}
		{39F3A93A-54C1-48DD-A98D-119A20FD6DE1} = {39F3A93A-54C1-48DD-A98D-119A20FD6DE1}
		{C5933647-CA8F-4BFC-8971-8D27AE9DB199} = {C5933647-CA8F-4BFC-8971-8D27AE9DB199}
		{ED906F57-6466-49D2-B411-B21E7D2F3D1F} = {ED906F57-6466-49D2-B411-B21E7D2F3D1F}
		{6D09AE61-FB81-4AC8-AB6A-F999B65BD535} = {6D09AE61-FB81-4AC8-AB6A-F999B65BD535}
		{0D379865-9BB1-4166-A058-B93E531EEF6A} = {0D379865-9BB1-4166-A058-B93E531EEF6A}
		{9640646C-075D-4E01-A475-18FCA5358FAC} = {9640646C-075D-4E01-A475-18FCA5358FAC}
		{4045B974-848D-4805-A3CA-6B9B38E52F55} = {4045B974-848D-4805-A3CA-6B9B38E52F55}
		{316890EC-98E7-4E9D-B767-CB7816514113} = {316890EC-98E7-4E9D-B767-CB7816514113}
	EndProjectSection
EndProject
Project("{2150E333-8FDC-42A3-9474-1A3956D46DE8}") = "Solution Items", "Solution Items", "{FCE8856F-4EDA-4FE0-A420-E9D68EB9FBF4}"
	ProjectSection(SolutionItems) = preProject
		GlobalAssemblyInfo.cs = GlobalAssemblyInfo.cs
	EndProjectSection
EndProject
Project("{2150E333-8FDC-42A3-9474-1A3956D46DE8}") = "Versions", "Versions", "{8BB8E7F1-325F-4CCA-B255-5307B748EF52}"
EndProject
Project("{FAE04EC0-301F-11D3-BF4B-00C04F79EFBC}") = "ApiChange.Test.Reference.RemoveType", "ApiChange.Test.Reference.RemoveType\ApiChange.Test.Reference.RemoveType.csproj", "{23A4956F-99E2-4BBB-B34B-730159A9F0AA}"
EndProject
Global
	GlobalSection(SolutionConfigurationPlatforms) = preSolution
		Debug|Any CPU = Debug|Any CPU
		Debug|x86 = Debug|x86
		Release|Any CPU = Release|Any CPU
		Release|x86 = Release|x86
	EndGlobalSection
	GlobalSection(ProjectConfigurationPlatforms) = postSolution
		{DDF2A1D3-CA20-44B4-99B4-8A87AE4ECC7D}.Debug|Any CPU.ActiveCfg = Debug|Any CPU
		{DDF2A1D3-CA20-44B4-99B4-8A87AE4ECC7D}.Debug|Any CPU.Build.0 = Debug|Any CPU
		{DDF2A1D3-CA20-44B4-99B4-8A87AE4ECC7D}.Debug|x86.ActiveCfg = Debug|x86
		{DDF2A1D3-CA20-44B4-99B4-8A87AE4ECC7D}.Debug|x86.Build.0 = Debug|x86
		{DDF2A1D3-CA20-44B4-99B4-8A87AE4ECC7D}.Release|Any CPU.ActiveCfg = Release|Any CPU
		{DDF2A1D3-CA20-44B4-99B4-8A87AE4ECC7D}.Release|Any CPU.Build.0 = Release|Any CPU
		{DDF2A1D3-CA20-44B4-99B4-8A87AE4ECC7D}.Release|x86.ActiveCfg = Release|x86
		{DDF2A1D3-CA20-44B4-99B4-8A87AE4ECC7D}.Release|x86.Build.0 = Release|x86
		{BFBCCA96-BE1E-4DD7-B3CF-5DFAB38B8AB1}.Debug|Any CPU.ActiveCfg = Debug|Any CPU
		{BFBCCA96-BE1E-4DD7-B3CF-5DFAB38B8AB1}.Debug|Any CPU.Build.0 = Debug|Any CPU
		{BFBCCA96-BE1E-4DD7-B3CF-5DFAB38B8AB1}.Debug|x86.ActiveCfg = Debug|x86
		{BFBCCA96-BE1E-4DD7-B3CF-5DFAB38B8AB1}.Debug|x86.Build.0 = Debug|x86
		{BFBCCA96-BE1E-4DD7-B3CF-5DFAB38B8AB1}.Release|Any CPU.ActiveCfg = Release|Any CPU
		{BFBCCA96-BE1E-4DD7-B3CF-5DFAB38B8AB1}.Release|Any CPU.Build.0 = Release|Any CPU
		{BFBCCA96-BE1E-4DD7-B3CF-5DFAB38B8AB1}.Release|x86.ActiveCfg = Release|x86
		{BFBCCA96-BE1E-4DD7-B3CF-5DFAB38B8AB1}.Release|x86.Build.0 = Release|x86
		{A93D44D0-3B30-443C-B1B6-54DE998C9A75}.Debug|Any CPU.ActiveCfg = Debug|Any CPU
		{A93D44D0-3B30-443C-B1B6-54DE998C9A75}.Debug|Any CPU.Build.0 = Debug|Any CPU
		{A93D44D0-3B30-443C-B1B6-54DE998C9A75}.Debug|x86.ActiveCfg = Debug|Any CPU
		{A93D44D0-3B30-443C-B1B6-54DE998C9A75}.Debug|x86.Build.0 = Debug|Any CPU
		{A93D44D0-3B30-443C-B1B6-54DE998C9A75}.Release|Any CPU.ActiveCfg = Release|Any CPU
		{A93D44D0-3B30-443C-B1B6-54DE998C9A75}.Release|Any CPU.Build.0 = Release|Any CPU
		{A93D44D0-3B30-443C-B1B6-54DE998C9A75}.Release|x86.ActiveCfg = Release|Any CPU
		{A93D44D0-3B30-443C-B1B6-54DE998C9A75}.Release|x86.Build.0 = Release|Any CPU
		{26AFD080-25AF-4B6C-AC22-5F2FFE9890C4}.Debug|Any CPU.ActiveCfg = Debug|Any CPU
		{26AFD080-25AF-4B6C-AC22-5F2FFE9890C4}.Debug|Any CPU.Build.0 = Debug|Any CPU
		{26AFD080-25AF-4B6C-AC22-5F2FFE9890C4}.Debug|x86.ActiveCfg = Debug|Any CPU
		{26AFD080-25AF-4B6C-AC22-5F2FFE9890C4}.Debug|x86.Build.0 = Debug|Any CPU
		{26AFD080-25AF-4B6C-AC22-5F2FFE9890C4}.Release|Any CPU.ActiveCfg = Release|Any CPU
		{26AFD080-25AF-4B6C-AC22-5F2FFE9890C4}.Release|Any CPU.Build.0 = Release|Any CPU
		{26AFD080-25AF-4B6C-AC22-5F2FFE9890C4}.Release|x86.ActiveCfg = Release|Any CPU
		{26AFD080-25AF-4B6C-AC22-5F2FFE9890C4}.Release|x86.Build.0 = Release|Any CPU
		{5C93807B-EE67-42B9-B680-49FDA569D3B9}.Debug|Any CPU.ActiveCfg = Debug|Any CPU
		{5C93807B-EE67-42B9-B680-49FDA569D3B9}.Debug|Any CPU.Build.0 = Debug|Any CPU
		{5C93807B-EE67-42B9-B680-49FDA569D3B9}.Debug|x86.ActiveCfg = Debug|Any CPU
		{5C93807B-EE67-42B9-B680-49FDA569D3B9}.Debug|x86.Build.0 = Debug|Any CPU
		{5C93807B-EE67-42B9-B680-49FDA569D3B9}.Release|Any CPU.ActiveCfg = Release|Any CPU
		{5C93807B-EE67-42B9-B680-49FDA569D3B9}.Release|Any CPU.Build.0 = Release|Any CPU
		{5C93807B-EE67-42B9-B680-49FDA569D3B9}.Release|x86.ActiveCfg = Release|Any CPU
		{5C93807B-EE67-42B9-B680-49FDA569D3B9}.Release|x86.Build.0 = Release|Any CPU
		{2387F9A5-07CB-4455-99D9-FBF7E6179468}.Debug|Any CPU.ActiveCfg = Debug|Any CPU
		{2387F9A5-07CB-4455-99D9-FBF7E6179468}.Debug|Any CPU.Build.0 = Debug|Any CPU
		{2387F9A5-07CB-4455-99D9-FBF7E6179468}.Debug|x86.ActiveCfg = Debug|Any CPU
		{2387F9A5-07CB-4455-99D9-FBF7E6179468}.Debug|x86.Build.0 = Debug|Any CPU
		{2387F9A5-07CB-4455-99D9-FBF7E6179468}.Release|Any CPU.ActiveCfg = Release|Any CPU
		{2387F9A5-07CB-4455-99D9-FBF7E6179468}.Release|Any CPU.Build.0 = Release|Any CPU
		{2387F9A5-07CB-4455-99D9-FBF7E6179468}.Release|x86.ActiveCfg = Release|Any CPU
		{2387F9A5-07CB-4455-99D9-FBF7E6179468}.Release|x86.Build.0 = Release|Any CPU
		{90C16334-606E-48CE-8724-64148AF80339}.Debug|Any CPU.ActiveCfg = Debug|Any CPU
		{90C16334-606E-48CE-8724-64148AF80339}.Debug|Any CPU.Build.0 = Debug|Any CPU
		{90C16334-606E-48CE-8724-64148AF80339}.Debug|x86.ActiveCfg = Debug|Any CPU
		{90C16334-606E-48CE-8724-64148AF80339}.Debug|x86.Build.0 = Debug|Any CPU
		{90C16334-606E-48CE-8724-64148AF80339}.Release|Any CPU.ActiveCfg = Release|Any CPU
		{90C16334-606E-48CE-8724-64148AF80339}.Release|Any CPU.Build.0 = Release|Any CPU
		{90C16334-606E-48CE-8724-64148AF80339}.Release|x86.ActiveCfg = Release|Any CPU
		{90C16334-606E-48CE-8724-64148AF80339}.Release|x86.Build.0 = Release|Any CPU
		{4045B974-848D-4805-A3CA-6B9B38E52F55}.Debug|Any CPU.ActiveCfg = Debug|Any CPU
		{4045B974-848D-4805-A3CA-6B9B38E52F55}.Debug|Any CPU.Build.0 = Debug|Any CPU
		{4045B974-848D-4805-A3CA-6B9B38E52F55}.Debug|x86.ActiveCfg = Debug|Any CPU
		{4045B974-848D-4805-A3CA-6B9B38E52F55}.Debug|x86.Build.0 = Debug|Any CPU
		{4045B974-848D-4805-A3CA-6B9B38E52F55}.Release|Any CPU.ActiveCfg = Release|Any CPU
		{4045B974-848D-4805-A3CA-6B9B38E52F55}.Release|Any CPU.Build.0 = Release|Any CPU
		{4045B974-848D-4805-A3CA-6B9B38E52F55}.Release|x86.ActiveCfg = Release|Any CPU
		{4045B974-848D-4805-A3CA-6B9B38E52F55}.Release|x86.Build.0 = Release|Any CPU
		{39F3A93A-54C1-48DD-A98D-119A20FD6DE1}.Debug|Any CPU.ActiveCfg = Debug|Any CPU
		{39F3A93A-54C1-48DD-A98D-119A20FD6DE1}.Debug|Any CPU.Build.0 = Debug|Any CPU
		{39F3A93A-54C1-48DD-A98D-119A20FD6DE1}.Debug|x86.ActiveCfg = Debug|Any CPU
		{39F3A93A-54C1-48DD-A98D-119A20FD6DE1}.Debug|x86.Build.0 = Debug|Any CPU
		{39F3A93A-54C1-48DD-A98D-119A20FD6DE1}.Release|Any CPU.ActiveCfg = Release|Any CPU
		{39F3A93A-54C1-48DD-A98D-119A20FD6DE1}.Release|Any CPU.Build.0 = Release|Any CPU
		{39F3A93A-54C1-48DD-A98D-119A20FD6DE1}.Release|x86.ActiveCfg = Release|Any CPU
		{39F3A93A-54C1-48DD-A98D-119A20FD6DE1}.Release|x86.Build.0 = Release|Any CPU
		{C5933647-CA8F-4BFC-8971-8D27AE9DB199}.Debug|Any CPU.ActiveCfg = Debug|Any CPU
		{C5933647-CA8F-4BFC-8971-8D27AE9DB199}.Debug|Any CPU.Build.0 = Debug|Any CPU
		{C5933647-CA8F-4BFC-8971-8D27AE9DB199}.Debug|x86.ActiveCfg = Debug|Any CPU
		{C5933647-CA8F-4BFC-8971-8D27AE9DB199}.Debug|x86.Build.0 = Debug|Any CPU
		{C5933647-CA8F-4BFC-8971-8D27AE9DB199}.Release|Any CPU.ActiveCfg = Release|Any CPU
		{C5933647-CA8F-4BFC-8971-8D27AE9DB199}.Release|Any CPU.Build.0 = Release|Any CPU
		{C5933647-CA8F-4BFC-8971-8D27AE9DB199}.Release|x86.ActiveCfg = Release|Any CPU
		{C5933647-CA8F-4BFC-8971-8D27AE9DB199}.Release|x86.Build.0 = Release|Any CPU
		{316890EC-98E7-4E9D-B767-CB7816514113}.Debug|Any CPU.ActiveCfg = Debug|Any CPU
		{316890EC-98E7-4E9D-B767-CB7816514113}.Debug|Any CPU.Build.0 = Debug|Any CPU
		{316890EC-98E7-4E9D-B767-CB7816514113}.Debug|x86.ActiveCfg = Debug|Any CPU
		{316890EC-98E7-4E9D-B767-CB7816514113}.Debug|x86.Build.0 = Debug|Any CPU
		{316890EC-98E7-4E9D-B767-CB7816514113}.Release|Any CPU.ActiveCfg = Release|Any CPU
		{316890EC-98E7-4E9D-B767-CB7816514113}.Release|Any CPU.Build.0 = Release|Any CPU
		{316890EC-98E7-4E9D-B767-CB7816514113}.Release|x86.ActiveCfg = Release|Any CPU
		{316890EC-98E7-4E9D-B767-CB7816514113}.Release|x86.Build.0 = Release|Any CPU
		{E4C3C82A-E73C-420D-8859-ACD4F9832EA0}.Debug|Any CPU.ActiveCfg = Debug|Any CPU
		{E4C3C82A-E73C-420D-8859-ACD4F9832EA0}.Debug|Any CPU.Build.0 = Debug|Any CPU
		{E4C3C82A-E73C-420D-8859-ACD4F9832EA0}.Debug|x86.ActiveCfg = Debug|Any CPU
		{E4C3C82A-E73C-420D-8859-ACD4F9832EA0}.Debug|x86.Build.0 = Debug|Any CPU
		{E4C3C82A-E73C-420D-8859-ACD4F9832EA0}.Release|Any CPU.ActiveCfg = Release|Any CPU
		{E4C3C82A-E73C-420D-8859-ACD4F9832EA0}.Release|Any CPU.Build.0 = Release|Any CPU
		{E4C3C82A-E73C-420D-8859-ACD4F9832EA0}.Release|x86.ActiveCfg = Release|Any CPU
		{E4C3C82A-E73C-420D-8859-ACD4F9832EA0}.Release|x86.Build.0 = Release|Any CPU
		{9640646C-075D-4E01-A475-18FCA5358FAC}.Debug|Any CPU.ActiveCfg = Debug|Any CPU
		{9640646C-075D-4E01-A475-18FCA5358FAC}.Debug|Any CPU.Build.0 = Debug|Any CPU
		{9640646C-075D-4E01-A475-18FCA5358FAC}.Debug|x86.ActiveCfg = Debug|Any CPU
		{9640646C-075D-4E01-A475-18FCA5358FAC}.Debug|x86.Build.0 = Debug|Any CPU
		{9640646C-075D-4E01-A475-18FCA5358FAC}.Release|Any CPU.ActiveCfg = Release|Any CPU
		{9640646C-075D-4E01-A475-18FCA5358FAC}.Release|Any CPU.Build.0 = Release|Any CPU
		{9640646C-075D-4E01-A475-18FCA5358FAC}.Release|x86.ActiveCfg = Release|Any CPU
		{9640646C-075D-4E01-A475-18FCA5358FAC}.Release|x86.Build.0 = Release|Any CPU
		{ED906F57-6466-49D2-B411-B21E7D2F3D1F}.Debug|Any CPU.ActiveCfg = Debug|Any CPU
		{ED906F57-6466-49D2-B411-B21E7D2F3D1F}.Debug|Any CPU.Build.0 = Debug|Any CPU
		{ED906F57-6466-49D2-B411-B21E7D2F3D1F}.Debug|x86.ActiveCfg = Debug|Any CPU
		{ED906F57-6466-49D2-B411-B21E7D2F3D1F}.Debug|x86.Build.0 = Debug|Any CPU
		{ED906F57-6466-49D2-B411-B21E7D2F3D1F}.Release|Any CPU.ActiveCfg = Release|Any CPU
		{ED906F57-6466-49D2-B411-B21E7D2F3D1F}.Release|Any CPU.Build.0 = Release|Any CPU
		{ED906F57-6466-49D2-B411-B21E7D2F3D1F}.Release|x86.ActiveCfg = Release|Any CPU
		{ED906F57-6466-49D2-B411-B21E7D2F3D1F}.Release|x86.Build.0 = Release|Any CPU
		{6D09AE61-FB81-4AC8-AB6A-F999B65BD535}.Debug|Any CPU.ActiveCfg = Debug|Any CPU
		{6D09AE61-FB81-4AC8-AB6A-F999B65BD535}.Debug|Any CPU.Build.0 = Debug|Any CPU
		{6D09AE61-FB81-4AC8-AB6A-F999B65BD535}.Debug|x86.ActiveCfg = Debug|Any CPU
		{6D09AE61-FB81-4AC8-AB6A-F999B65BD535}.Debug|x86.Build.0 = Debug|Any CPU
		{6D09AE61-FB81-4AC8-AB6A-F999B65BD535}.Release|Any CPU.ActiveCfg = Release|Any CPU
		{6D09AE61-FB81-4AC8-AB6A-F999B65BD535}.Release|Any CPU.Build.0 = Release|Any CPU
		{6D09AE61-FB81-4AC8-AB6A-F999B65BD535}.Release|x86.ActiveCfg = Release|Any CPU
		{6D09AE61-FB81-4AC8-AB6A-F999B65BD535}.Release|x86.Build.0 = Release|Any CPU
		{0D379865-9BB1-4166-A058-B93E531EEF6A}.Debug|Any CPU.ActiveCfg = Debug|Any CPU
		{0D379865-9BB1-4166-A058-B93E531EEF6A}.Debug|Any CPU.Build.0 = Debug|Any CPU
		{0D379865-9BB1-4166-A058-B93E531EEF6A}.Debug|x86.ActiveCfg = Debug|Any CPU
		{0D379865-9BB1-4166-A058-B93E531EEF6A}.Debug|x86.Build.0 = Debug|Any CPU
		{0D379865-9BB1-4166-A058-B93E531EEF6A}.Release|Any CPU.ActiveCfg = Release|Any CPU
		{0D379865-9BB1-4166-A058-B93E531EEF6A}.Release|Any CPU.Build.0 = Release|Any CPU
		{0D379865-9BB1-4166-A058-B93E531EEF6A}.Release|x86.ActiveCfg = Release|Any CPU
		{0D379865-9BB1-4166-A058-B93E531EEF6A}.Release|x86.Build.0 = Release|Any CPU
		{7DC2859F-0A3E-4939-96B3-E672B093C5E8}.Debug|Any CPU.ActiveCfg = Debug|Any CPU
		{7DC2859F-0A3E-4939-96B3-E672B093C5E8}.Debug|Any CPU.Build.0 = Debug|Any CPU
		{7DC2859F-0A3E-4939-96B3-E672B093C5E8}.Debug|x86.ActiveCfg = Debug|Any CPU
		{7DC2859F-0A3E-4939-96B3-E672B093C5E8}.Debug|x86.Build.0 = Debug|Any CPU
		{7DC2859F-0A3E-4939-96B3-E672B093C5E8}.Release|Any CPU.ActiveCfg = Release|Any CPU
		{7DC2859F-0A3E-4939-96B3-E672B093C5E8}.Release|Any CPU.Build.0 = Release|Any CPU
		{7DC2859F-0A3E-4939-96B3-E672B093C5E8}.Release|x86.ActiveCfg = Release|Any CPU
		{7DC2859F-0A3E-4939-96B3-E672B093C5E8}.Release|x86.Build.0 = Release|Any CPU
		{A8475B23-C9BA-42BA-B60F-1EF28FAD6C46}.Debug|Any CPU.ActiveCfg = Debug|x86
		{A8475B23-C9BA-42BA-B60F-1EF28FAD6C46}.Debug|x86.ActiveCfg = Debug|x86
		{A8475B23-C9BA-42BA-B60F-1EF28FAD6C46}.Debug|x86.Build.0 = Debug|x86
		{A8475B23-C9BA-42BA-B60F-1EF28FAD6C46}.Release|Any CPU.ActiveCfg = Release|x86
		{A8475B23-C9BA-42BA-B60F-1EF28FAD6C46}.Release|x86.ActiveCfg = Release|x86
		{A8475B23-C9BA-42BA-B60F-1EF28FAD6C46}.Release|x86.Build.0 = Release|x86
		{23A4956F-99E2-4BBB-B34B-730159A9F0AA}.Debug|Any CPU.ActiveCfg = Debug|Any CPU
		{23A4956F-99E2-4BBB-B34B-730159A9F0AA}.Debug|Any CPU.Build.0 = Debug|Any CPU
		{23A4956F-99E2-4BBB-B34B-730159A9F0AA}.Debug|x86.ActiveCfg = Debug|Any CPU
		{23A4956F-99E2-4BBB-B34B-730159A9F0AA}.Debug|x86.Build.0 = Debug|Any CPU
		{23A4956F-99E2-4BBB-B34B-730159A9F0AA}.Release|Any CPU.ActiveCfg = Release|Any CPU
		{23A4956F-99E2-4BBB-B34B-730159A9F0AA}.Release|Any CPU.Build.0 = Release|Any CPU
		{23A4956F-99E2-4BBB-B34B-730159A9F0AA}.Release|x86.ActiveCfg = Release|Any CPU
		{23A4956F-99E2-4BBB-B34B-730159A9F0AA}.Release|x86.Build.0 = Release|Any CPU
	EndGlobalSection
	GlobalSection(SolutionProperties) = preSolution
		HideSolutionNode = FALSE
	EndGlobalSection
	GlobalSection(NestedProjects) = preSolution
		{2387F9A5-07CB-4455-99D9-FBF7E6179468} = {8BB8E7F1-325F-4CCA-B255-5307B748EF52}
		{90C16334-606E-48CE-8724-64148AF80339} = {8BB8E7F1-325F-4CCA-B255-5307B748EF52}
		{4045B974-848D-4805-A3CA-6B9B38E52F55} = {8BB8E7F1-325F-4CCA-B255-5307B748EF52}
		{39F3A93A-54C1-48DD-A98D-119A20FD6DE1} = {8BB8E7F1-325F-4CCA-B255-5307B748EF52}
		{C5933647-CA8F-4BFC-8971-8D27AE9DB199} = {8BB8E7F1-325F-4CCA-B255-5307B748EF52}
		{316890EC-98E7-4E9D-B767-CB7816514113} = {8BB8E7F1-325F-4CCA-B255-5307B748EF52}
		{E4C3C82A-E73C-420D-8859-ACD4F9832EA0} = {8BB8E7F1-325F-4CCA-B255-5307B748EF52}
		{9640646C-075D-4E01-A475-18FCA5358FAC} = {8BB8E7F1-325F-4CCA-B255-5307B748EF52}
		{ED906F57-6466-49D2-B411-B21E7D2F3D1F} = {8BB8E7F1-325F-4CCA-B255-5307B748EF52}
		{6D09AE61-FB81-4AC8-AB6A-F999B65BD535} = {8BB8E7F1-325F-4CCA-B255-5307B748EF52}
		{0D379865-9BB1-4166-A058-B93E531EEF6A} = {8BB8E7F1-325F-4CCA-B255-5307B748EF52}
		{23A4956F-99E2-4BBB-B34B-730159A9F0AA} = {8BB8E7F1-325F-4CCA-B255-5307B748EF52}
	EndGlobalSection
EndGlobal
